
Microsoft Visual Studio Solution File, Format Version 12.00
# Visual Studio Version 16
VisualStudioVersion = 25.0.1700.0
MinimumVisualStudioVersion = 10.0.40219.1
Project("{FAE04EC0-301F-11D3-BF4B-00C04F79EFBC}") = "2048", "2048.csproj", "{44B3C748-0632-43B2-B1BF-A665DD9E49D8}"
EndProject
Global
	GlobalSection(SolutionConfigurationPlatforms) = preSolution
		Debug|Any CPU = Debug|Any CPU
		Release|Any CPU = Release|Any CPU
	EndGlobalSection
	GlobalSection(ProjectConfigurationPlatforms) = postSolution
		{44B3C748-0632-43B2-B1BF-A665DD9E49D8}.Debug|Any CPU.ActiveCfg = Debug|Any CPU
		{44B3C748-0632-43B2-B1BF-A665DD9E49D8}.Debug|Any CPU.Build.0 = Debug|Any CPU
		{44B3C748-0632-43B2-B1BF-A665DD9E49D8}.Release|Any CPU.ActiveCfg = Release|Any CPU
		{44B3C748-0632-43B2-B1BF-A665DD9E49D8}.Release|Any CPU.Build.0 = Release|Any CPU
	EndGlobalSection
	GlobalSection(SolutionProperties) = preSolution
		HideSolutionNode = FALSE
	EndGlobalSection
	GlobalSection(ExtensibilityGlobals) = postSolution
		SolutionGuid = {7EB07AA5-8E4D-4B9C-887A-373CF10E5262}
	EndGlobalSection
EndGlobal
